{
  "name": "pixi-scene-loader-example",
  "version": "1.0.0",
  "lockfileVersion": 3,
  "requires": true,
  "packages": {
    "": {
      "name": "pixi-scene-loader-example",
      "version": "1.0.0",
      "dependencies": {
        "pixi-scene-loader": "file:..",
        "pixi.js": "^7.0.0"
      },
      "devDependencies": {
        "typescript": "^5.0.0",
        "vite": "^4.0.0"
      }
    },
    "..": {
      "name": "pixi-scene-loader",
      "version": "0.1.0",
      "license": "MIT",
      "devDependencies": {
        "@types/node": "^20.0.0",
        "typescript": "^5.0.0"
      },
      "peerDependencies": {
        "pixi.js": "^7.0.0"
      }
    },
    "../libraries/sceneLoader": {
      "name": "pixi-scene-loader",
      "version": "0.1.0",
      "extraneous": true,
      "license": "MIT",
      "devDependencies": {
        "@types/node": "^20.0.0",
        "typescript": "^5.0.0"
      },
      "peerDependencies": {
        "pixi.js": "^7.0.0"
      }
    },
    "node_modules/@esbuild/darwin-arm64": {
      "version": "0.18.20",
      "cpu": [
        "arm64"
      ],
      "dev": true,
      "license": "MIT",
      "optional": true,
      "os": [
        "darwin"
      ],
      "engines": {
        "node": ">=12"
      }
    },
    "node_modules/@pixi/accessibility": {
      "version": "7.4.3",
      "license": "MIT",
      "peerDependencies": {
        "@pixi/core": "7.4.3",
        "@pixi/display": "7.4.3",
        "@pixi/events": "7.4.3"
      }
    },
    "node_modules/@pixi/app": {
      "version": "7.4.3",
      "license": "MIT",
      "peerDependencies": {
        "@pixi/core": "7.4.3",
        "@pixi/display": "7.4.3"
      }
    },
    "node_modules/@pixi/assets": {
      "version": "7.4.3",
      "license": "MIT",
      "dependencies": {
        "@types/css-font-loading-module": "^0.0.12"
      },
      "peerDependencies": {
        "@pixi/core": "7.4.3"
      }
    },
    "node_modules/@pixi/color": {
      "version": "7.4.3",
      "license": "MIT",
      "dependencies": {
        "@pixi/colord": "^2.9.6"
      }
    },
    "node_modules/@pixi/colord": {
      "version": "2.9.6",
      "license": "MIT"
    },
    "node_modules/@pixi/compressed-textures": {
      "version": "7.4.3",
      "license": "MIT",
      "peerDependencies": {
        "@pixi/assets": "7.4.3",
        "@pixi/core": "7.4.3"
      }
    },
    "node_modules/@pixi/constants": {
      "version": "7.4.3",
      "license": "MIT"
    },
    "node_modules/@pixi/core": {
      "version": "7.4.3",
      "license": "MIT",
      "dependencies": {
        "@pixi/color": "7.4.3",
        "@pixi/constants": "7.4.3",
        "@pixi/extensions": "7.4.3",
        "@pixi/math": "7.4.3",
        "@pixi/runner": "7.4.3",
        "@pixi/settings": "7.4.3",
        "@pixi/ticker": "7.4.3",
        "@pixi/utils": "7.4.3"
      },
      "funding": {
        "type": "opencollective",
        "url": "https://opencollective.com/pixijs"
      }
    },
    "node_modules/@pixi/display": {
      "version": "7.4.3",
      "license": "MIT",
      "peerDependencies": {
        "@pixi/core": "7.4.3"
      }
    },
    "node_modules/@pixi/events": {
      "version": "7.4.3",
      "license": "MIT",
      "peerDependencies": {
        "@pixi/core": "7.4.3",
        "@pixi/display": "7.4.3"
      }
    },
    "node_modules/@pixi/extensions": {
      "version": "7.4.3",
      "license": "MIT"
    },
    "node_modules/@pixi/extract": {
      "version": "7.4.3",
      "license": "MIT",
      "peerDependencies": {
        "@pixi/core": "7.4.3"
      }
    },
    "node_modules/@pixi/filter-alpha": {
      "version": "7.4.3",
      "license": "MIT",
      "peerDependencies": {
        "@pixi/core": "7.4.3"
      }
    },
    "node_modules/@pixi/filter-blur": {
      "version": "7.4.3",
      "license": "MIT",
      "peerDependencies": {
        "@pixi/core": "7.4.3"
      }
    },
    "node_modules/@pixi/filter-color-matrix": {
      "version": "7.4.3",
      "license": "MIT",
      "peerDependencies": {
        "@pixi/core": "7.4.3"
      }
    },
    "node_modules/@pixi/filter-displacement": {
      "version": "7.4.3",
      "license": "MIT",
      "peerDependencies": {
        "@pixi/core": "7.4.3"
      }
    },
    "node_modules/@pixi/filter-fxaa": {
      "version": "7.4.3",
      "license": "MIT",
      "peerDependencies": {
        "@pixi/core": "7.4.3"
      }
    },
    "node_modules/@pixi/filter-noise": {
      "version": "7.4.3",
      "license": "MIT",
      "peerDependencies": {
        "@pixi/core": "7.4.3"
      }
    },
    "node_modules/@pixi/graphics": {
      "version": "7.4.3",
      "license": "MIT",
      "peerDependencies": {
        "@pixi/core": "7.4.3",
        "@pixi/display": "7.4.3",
        "@pixi/sprite": "7.4.3"
      }
    },
    "node_modules/@pixi/math": {
      "version": "7.4.3",
      "license": "MIT"
    },
    "node_modules/@pixi/mesh": {
      "version": "7.4.3",
      "license": "MIT",
      "peerDependencies": {
        "@pixi/core": "7.4.3",
        "@pixi/display": "7.4.3"
      }
    },
    "node_modules/@pixi/mesh-extras": {
      "version": "7.4.3",
      "license": "MIT",
      "peerDependencies": {
        "@pixi/core": "7.4.3",
        "@pixi/mesh": "7.4.3"
      }
    },
    "node_modules/@pixi/mixin-cache-as-bitmap": {
      "version": "7.4.3",
      "license": "MIT",
      "peerDependencies": {
        "@pixi/core": "7.4.3",
        "@pixi/display": "7.4.3",
        "@pixi/sprite": "7.4.3"
      }
    },
    "node_modules/@pixi/mixin-get-child-by-name": {
      "version": "7.4.3",
      "license": "MIT",
      "peerDependencies": {
        "@pixi/display": "7.4.3"
      }
    },
    "node_modules/@pixi/mixin-get-global-position": {
      "version": "7.4.3",
      "license": "MIT",
      "peerDependencies": {
        "@pixi/core": "7.4.3",
        "@pixi/display": "7.4.3"
      }
    },
    "node_modules/@pixi/particle-container": {
      "version": "7.4.3",
      "license": "MIT",
      "peerDependencies": {
        "@pixi/core": "7.4.3",
        "@pixi/display": "7.4.3",
        "@pixi/sprite": "7.4.3"
      }
    },
    "node_modules/@pixi/prepare": {
      "version": "7.4.3",
      "license": "MIT",
      "peerDependencies": {
        "@pixi/core": "7.4.3",
        "@pixi/display": "7.4.3",
        "@pixi/graphics": "7.4.3",
        "@pixi/text": "7.4.3"
      }
    },
    "node_modules/@pixi/runner": {
      "version": "7.4.3",
      "license": "MIT"
    },
    "node_modules/@pixi/settings": {
      "version": "7.4.3",
      "license": "MIT",
      "dependencies": {
        "@pixi/constants": "7.4.3",
        "@types/css-font-loading-module": "^0.0.12",
        "ismobilejs": "^1.1.0"
      }
    },
    "node_modules/@pixi/sprite": {
      "version": "7.4.3",
      "license": "MIT",
      "peerDependencies": {
        "@pixi/core": "7.4.3",
        "@pixi/display": "7.4.3"
      }
    },
    "node_modules/@pixi/sprite-animated": {
      "version": "7.4.3",
      "license": "MIT",
      "peerDependencies": {
        "@pixi/core": "7.4.3",
        "@pixi/sprite": "7.4.3"
      }
    },
    "node_modules/@pixi/sprite-tiling": {
      "version": "7.4.3",
      "license": "MIT",
      "peerDependencies": {
        "@pixi/core": "7.4.3",
        "@pixi/display": "7.4.3",
        "@pixi/sprite": "7.4.3"
      }
    },
    "node_modules/@pixi/spritesheet": {
      "version": "7.4.3",
      "license": "MIT",
      "peerDependencies": {
        "@pixi/assets": "7.4.3",
        "@pixi/core": "7.4.3"
      }
    },
    "node_modules/@pixi/text": {
      "version": "7.4.3",
      "license": "MIT",
      "peerDependencies": {
        "@pixi/core": "7.4.3",
        "@pixi/sprite": "7.4.3"
      }
    },
    "node_modules/@pixi/text-bitmap": {
      "version": "7.4.3",
      "license": "MIT",
      "peerDependencies": {
        "@pixi/assets": "7.4.3",
        "@pixi/core": "7.4.3",
        "@pixi/display": "7.4.3",
        "@pixi/mesh": "7.4.3",
        "@pixi/text": "7.4.3"
      }
    },
    "node_modules/@pixi/text-html": {
      "version": "7.4.3",
      "license": "MIT",
      "peerDependencies": {
        "@pixi/core": "7.4.3",
        "@pixi/display": "7.4.3",
        "@pixi/sprite": "7.4.3",
        "@pixi/text": "7.4.3"
      }
    },
    "node_modules/@pixi/ticker": {
      "version": "7.4.3",
      "license": "MIT",
      "dependencies": {
        "@pixi/extensions": "7.4.3",
        "@pixi/settings": "7.4.3",
        "@pixi/utils": "7.4.3"
      }
    },
    "node_modules/@pixi/utils": {
      "version": "7.4.3",
      "license": "MIT",
      "dependencies": {
        "@pixi/color": "7.4.3",
        "@pixi/constants": "7.4.3",
        "@pixi/settings": "7.4.3",
        "@types/earcut": "^2.1.0",
        "earcut": "^2.2.4",
        "eventemitter3": "^4.0.0",
        "url": "^0.11.0"
      }
    },
    "node_modules/@types/css-font-loading-module": {
      "version": "0.0.12",
      "license": "MIT"
    },
    "node_modules/@types/earcut": {
      "version": "2.1.4",
      "license": "MIT"
    },
    "node_modules/call-bind-apply-helpers": {
      "version": "1.0.2",
      "license": "MIT",
      "dependencies": {
        "es-errors": "^1.3.0",
        "function-bind": "^1.1.2"
      },
      "engines": {
        "node": ">= 0.4"
      }
    },
    "node_modules/call-bound": {
      "version": "1.0.4",
      "license": "MIT",
      "dependencies": {
        "call-bind-apply-helpers": "^1.0.2",
        "get-intrinsic": "^1.3.0"
      },
      "engines": {
        "node": ">= 0.4"
      },
      "funding": {
        "url": "https://github.com/sponsors/ljharb"
      }
    },
    "node_modules/dunder-proto": {
      "version": "1.0.1",
      "license": "MIT",
      "dependencies": {
        "call-bind-apply-helpers": "^1.0.1",
        "es-errors": "^1.3.0",
        "gopd": "^1.2.0"
      },
      "engines": {
        "node": ">= 0.4"
      }
    },
    "node_modules/earcut": {
      "version": "2.2.4",
      "license": "ISC"
    },
    "node_modules/es-define-property": {
      "version": "1.0.1",
      "license": "MIT",
      "engines": {
        "node": ">= 0.4"
      }
    },
    "node_modules/es-errors": {
      "version": "1.3.0",
      "license": "MIT",
      "engines": {
        "node": ">= 0.4"
      }
    },
    "node_modules/es-object-atoms": {
      "version": "1.1.1",
      "license": "MIT",
      "dependencies": {
        "es-errors": "^1.3.0"
      },
      "engines": {
        "node": ">= 0.4"
      }
    },
    "node_modules/esbuild": {
      "version": "0.18.20",
      "dev": true,
      "hasInstallScript": true,
      "license": "MIT",
      "bin": {
        "esbuild": "bin/esbuild"
      },
      "engines": {
        "node": ">=12"
      },
      "optionalDependencies": {
        "@esbuild/android-arm": "0.18.20",
        "@esbuild/android-arm64": "0.18.20",
        "@esbuild/android-x64": "0.18.20",
        "@esbuild/darwin-arm64": "0.18.20",
        "@esbuild/darwin-x64": "0.18.20",
        "@esbuild/freebsd-arm64": "0.18.20",
        "@esbuild/freebsd-x64": "0.18.20",
        "@esbuild/linux-arm": "0.18.20",
        "@esbuild/linux-arm64": "0.18.20",
        "@esbuild/linux-ia32": "0.18.20",
        "@esbuild/linux-loong64": "0.18.20",
        "@esbuild/linux-mips64el": "0.18.20",
        "@esbuild/linux-ppc64": "0.18.20",
        "@esbuild/linux-riscv64": "0.18.20",
        "@esbuild/linux-s390x": "0.18.20",
        "@esbuild/linux-x64": "0.18.20",
        "@esbuild/netbsd-x64": "0.18.20",
        "@esbuild/openbsd-x64": "0.18.20",
        "@esbuild/sunos-x64": "0.18.20",
        "@esbuild/win32-arm64": "0.18.20",
        "@esbuild/win32-ia32": "0.18.20",
        "@esbuild/win32-x64": "0.18.20"
      }
    },
    "node_modules/eventemitter3": {
      "version": "4.0.7",
      "license": "MIT"
    },
    "node_modules/function-bind": {
      "version": "1.1.2",
      "license": "MIT",
      "funding": {
        "url": "https://github.com/sponsors/ljharb"
      }
    },
    "node_modules/get-intrinsic": {
      "version": "1.3.0",
      "license": "MIT",
      "dependencies": {
        "call-bind-apply-helpers": "^1.0.2",
        "es-define-property": "^1.0.1",
        "es-errors": "^1.3.0",
        "es-object-atoms": "^1.1.1",
        "function-bind": "^1.1.2",
        "get-proto": "^1.0.1",
        "gopd": "^1.2.0",
        "has-symbols": "^1.1.0",
        "hasown": "^2.0.2",
        "math-intrinsics": "^1.1.0"
      },
      "engines": {
        "node": ">= 0.4"
      },
      "funding": {
        "url": "https://github.com/sponsors/ljharb"
      }
    },
    "node_modules/get-proto": {
      "version": "1.0.1",
      "license": "MIT",
      "dependencies": {
        "dunder-proto": "^1.0.1",
        "es-object-atoms": "^1.0.0"
      },
      "engines": {
        "node": ">= 0.4"
      }
    },
    "node_modules/gopd": {
      "version": "1.2.0",
      "license": "MIT",
      "engines": {
        "node": ">= 0.4"
      },
      "funding": {
        "url": "https://github.com/sponsors/ljharb"
      }
    },
    "node_modules/has-symbols": {
      "version": "1.1.0",
      "license": "MIT",
      "engines": {
        "node": ">= 0.4"
      },
      "funding": {
        "url": "https://github.com/sponsors/ljharb"
      }
    },
    "node_modules/hasown": {
      "version": "2.0.2",
      "license": "MIT",
      "dependencies": {
        "function-bind": "^1.1.2"
      },
      "engines": {
        "node": ">= 0.4"
      }
    },
    "node_modules/ismobilejs": {
      "version": "1.1.1",
      "license": "MIT"
    },
    "node_modules/math-intrinsics": {
      "version": "1.1.0",
      "license": "MIT",
      "engines": {
        "node": ">= 0.4"
      }
    },
    "node_modules/nanoid": {
      "version": "3.3.11",
      "dev": true,
      "funding": [
        {
          "type": "github",
          "url": "https://github.com/sponsors/ai"
        }
      ],
      "license": "MIT",
      "bin": {
        "nanoid": "bin/nanoid.cjs"
      },
      "engines": {
        "node": "^10 || ^12 || ^13.7 || ^14 || >=15.0.1"
      }
    },
    "node_modules/object-inspect": {
      "version": "1.13.4",
      "license": "MIT",
      "engines": {
        "node": ">= 0.4"
      },
      "funding": {
        "url": "https://github.com/sponsors/ljharb"
      }
    },
    "node_modules/picocolors": {
      "version": "1.1.1",
      "dev": true,
      "license": "ISC"
    },
    "node_modules/pixi-scene-loader": {
      "resolved": "..",
      "link": true
    },
    "node_modules/pixi.js": {
      "version": "7.4.3",
      "license": "MIT",
      "dependencies": {
        "@pixi/accessibility": "7.4.3",
        "@pixi/app": "7.4.3",
        "@pixi/assets": "7.4.3",
        "@pixi/compressed-textures": "7.4.3",
        "@pixi/core": "7.4.3",
        "@pixi/display": "7.4.3",
        "@pixi/events": "7.4.3",
        "@pixi/extensions": "7.4.3",
        "@pixi/extract": "7.4.3",
        "@pixi/filter-alpha": "7.4.3",
        "@pixi/filter-blur": "7.4.3",
        "@pixi/filter-color-matrix": "7.4.3",
        "@pixi/filter-displacement": "7.4.3",
        "@pixi/filter-fxaa": "7.4.3",
        "@pixi/filter-noise": "7.4.3",
        "@pixi/graphics": "7.4.3",
        "@pixi/mesh": "7.4.3",
        "@pixi/mesh-extras": "7.4.3",
        "@pixi/mixin-cache-as-bitmap": "7.4.3",
        "@pixi/mixin-get-child-by-name": "7.4.3",
        "@pixi/mixin-get-global-position": "7.4.3",
        "@pixi/particle-container": "7.4.3",
        "@pixi/prepare": "7.4.3",
        "@pixi/sprite": "7.4.3",
        "@pixi/sprite-animated": "7.4.3",
        "@pixi/sprite-tiling": "7.4.3",
        "@pixi/spritesheet": "7.4.3",
        "@pixi/text": "7.4.3",
        "@pixi/text-bitmap": "7.4.3",
        "@pixi/text-html": "7.4.3"
      },
      "funding": {
        "type": "opencollective",
        "url": "https://opencollective.com/pixijs"
      }
    },
    "node_modules/postcss": {
      "version": "8.5.6",
      "dev": true,
      "funding": [
        {
          "type": "opencollective",
          "url": "https://opencollective.com/postcss/"
        },
        {
          "type": "tidelift",
          "url": "https://tidelift.com/funding/github/npm/postcss"
        },
        {
          "type": "github",
          "url": "https://github.com/sponsors/ai"
        }
      ],
      "license": "MIT",
      "dependencies": {
        "nanoid": "^3.3.11",
        "picocolors": "^1.1.1",
        "source-map-js": "^1.2.1"
      },
      "engines": {
        "node": "^10 || ^12 || >=14"
      }
    },
    "node_modules/punycode": {
      "version": "1.4.1",
      "license": "MIT"
    },
    "node_modules/qs": {
      "version": "6.14.0",
      "license": "BSD-3-Clause",
      "dependencies": {
        "side-channel": "^1.1.0"
      },
      "engines": {
        "node": ">=0.6"
      },
      "funding": {
        "url": "https://github.com/sponsors/ljharb"
      }
    },
    "node_modules/rollup": {
      "version": "3.29.5",
      "dev": true,
      "license": "MIT",
      "bin": {
        "rollup": "dist/bin/rollup"
      },
      "engines": {
        "node": ">=14.18.0",
        "npm": ">=8.0.0"
      },
      "optionalDependencies": {
        "fsevents": "~2.3.2"
      }
    },
    "node_modules/side-channel": {
      "version": "1.1.0",
      "license": "MIT",
      "dependencies": {
        "es-errors": "^1.3.0",
        "object-inspect": "^1.13.3",
        "side-channel-list": "^1.0.0",
        "side-channel-map": "^1.0.1",
        "side-channel-weakmap": "^1.0.2"
      },
      "engines": {
        "node": ">= 0.4"
      },
      "funding": {
        "url": "https://github.com/sponsors/ljharb"
      }
    },
    "node_modules/side-channel-list": {
      "version": "1.0.0",
      "license": "MIT",
      "dependencies": {
        "es-errors": "^1.3.0",
        "object-inspect": "^1.13.3"
      },
      "engines": {
        "node": ">= 0.4"
      },
      "funding": {
        "url": "https://github.com/sponsors/ljharb"
      }
    },
    "node_modules/side-channel-map": {
      "version": "1.0.1",
      "license": "MIT",
      "dependencies": {
        "call-bound": "^1.0.2",
        "es-errors": "^1.3.0",
        "get-intrinsic": "^1.2.5",
        "object-inspect": "^1.13.3"
      },
      "engines": {
        "node": ">= 0.4"
      },
      "funding": {
        "url": "https://github.com/sponsors/ljharb"
      }
    },
    "node_modules/side-channel-weakmap": {
      "version": "1.0.2",
      "license": "MIT",
      "dependencies": {
        "call-bound": "^1.0.2",
        "es-errors": "^1.3.0",
        "get-intrinsic": "^1.2.5",
        "object-inspect": "^1.13.3",
        "side-channel-map": "^1.0.1"
      },
      "engines": {
        "node": ">= 0.4"
      },
      "funding": {
        "url": "https://github.com/sponsors/ljharb"
      }
    },
    "node_modules/source-map-js": {
      "version": "1.2.1",
      "dev": true,
      "license": "BSD-3-Clause",
      "engines": {
        "node": ">=0.10.0"
      }
    },
    "node_modules/typescript": {
      "version": "5.8.3",
      "resolved": "https://registry.npmjs.org/typescript/-/typescript-5.8.3.tgz",
      "integrity": "sha512-p1diW6TqL9L07nNxvRMM7hMMw4c5XOo/1ibL4aAIGmSAt9slTE1Xgw5KWuof2uTOvCg9BY7ZRi+GaF+7sfgPeQ==",
      "dev": true,
      "license": "Apache-2.0",
      "bin": {
        "tsc": "bin/tsc",
        "tsserver": "bin/tsserver"
      },
      "engines": {
        "node": ">=14.17"
      }
    },
    "node_modules/url": {
      "version": "0.11.4",
      "license": "MIT",
      "dependencies": {
        "punycode": "^1.4.1",
        "qs": "^6.12.3"
      },
      "engines": {
        "node": ">= 0.4"
      }
    },
    "node_modules/vite": {
      "version": "4.5.14",
      "dev": true,
      "license": "MIT",
      "dependencies": {
        "esbuild": "^0.18.10",
        "postcss": "^8.4.27",
        "rollup": "^3.27.1"
      },
      "bin": {
        "vite": "bin/vite.js"
      },
      "engines": {
        "node": "^14.18.0 || >=16.0.0"
      },
      "funding": {
        "url": "https://github.com/vitejs/vite?sponsor=1"
      },
      "optionalDependencies": {
        "fsevents": "~2.3.2"
      },
      "peerDependencies": {
        "@types/node": ">= 14",
        "less": "*",
        "lightningcss": "^1.21.0",
        "sass": "*",
        "stylus": "*",
        "sugarss": "*",
        "terser": "^5.4.0"
      },
      "peerDependenciesMeta": {
        "@types/node": {
          "optional": true
        },
        "less": {
          "optional": true
        },
        "lightningcss": {
          "optional": true
        },
        "sass": {
          "optional": true
        },
        "stylus": {
          "optional": true
        },
        "sugarss": {
          "optional": true
        },
        "terser": {
          "optional": true
        }
      }
    }
  }
}
